
Microsoft Visual Studio Solution File, Format Version 12.00
# Visual Studio Version 16
VisualStudioVersion = 16.0.29519.181
MinimumVisualStudioVersion = 10.0.40219.1
Project("{FAE04EC0-301F-11D3-BF4B-00C04F79EFBC}") = "Weather-App.Android", "Weather-App\Weather-App.Android\Weather-App.Android.csproj", "{2782C874-EC83-48F0-85D8-A929C1CF37BE}"
EndProject
Project("{FAE04EC0-301F-11D3-BF4B-00C04F79EFBC}") = "Weather-App.iOS", "Weather-App\Weather-App.iOS\Weather-App.iOS.csproj", "{680196EB-E809-4BD7-B506-E718E96295BF}"
EndProject
Project("{FAE04EC0-301F-11D3-BF4B-00C04F79EFBC}") = "Weather-App", "Weather-App\Weather-App\Weather-App.csproj", "{D66056C9-BDB6-47F5-A4D2-9A954F1256D7}"
EndProject
Global
	GlobalSection(SolutionConfigurationPlatforms) = preSolution
		Debug|Any CPU = Debug|Any CPU
		Debug|iPhone = Debug|iPhone
		Debug|iPhoneSimulator = Debug|iPhoneSimulator
		Release|Any CPU = Release|Any CPU
		Release|iPhone = Release|iPhone
		Release|iPhoneSimulator = Release|iPhoneSimulator
	EndGlobalSection
	GlobalSection(ProjectConfigurationPlatforms) = postSolution
		{2782C874-EC83-48F0-85D8-A929C1CF37BE}.Debug|Any CPU.ActiveCfg = Debug|Any CPU
		{2782C874-EC83-48F0-85D8-A929C1CF37BE}.Debug|Any CPU.Build.0 = Debug|Any CPU
		{2782C874-EC83-48F0-85D8-A929C1CF37BE}.Debug|Any CPU.Deploy.0 = Debug|Any CPU
		{2782C874-EC83-48F0-85D8-A929C1CF37BE}.Debug|iPhone.ActiveCfg = Debug|Any CPU
		{2782C874-EC83-48F0-85D8-A929C1CF37BE}.Debug|iPhone.Build.0 = Debug|Any CPU
		{2782C874-EC83-48F0-85D8-A929C1CF37BE}.Debug|iPhone.Deploy.0 = Debug|Any CPU
		{2782C874-EC83-48F0-85D8-A929C1CF37BE}.Debug|iPhoneSimulator.ActiveCfg = Debug|Any CPU
		{2782C874-EC83-48F0-85D8-A929C1CF37BE}.Debug|iPhoneSimulator.Build.0 = Debug|Any CPU
		{2782C874-EC83-48F0-85D8-A929C1CF37BE}.Debug|iPhoneSimulator.Deploy.0 = Debug|Any CPU
		{2782C874-EC83-48F0-85D8-A929C1CF37BE}.Release|Any CPU.ActiveCfg = Release|Any CPU
		{2782C874-EC83-48F0-85D8-A929C1CF37BE}.Release|Any CPU.Build.0 = Release|Any CPU
		{2782C874-EC83-48F0-85D8-A929C1CF37BE}.Release|Any CPU.Deploy.0 = Release|Any CPU
		{2782C874-EC83-48F0-85D8-A929C1CF37BE}.Release|iPhone.ActiveCfg = Release|Any CPU
		{2782C874-EC83-48F0-85D8-A929C1CF37BE}.Release|iPhone.Build.0 = Release|Any CPU
		{2782C874-EC83-48F0-85D8-A929C1CF37BE}.Release|iPhone.Deploy.0 = Release|Any CPU
		{2782C874-EC83-48F0-85D8-A929C1CF37BE}.Release|iPhoneSimulator.ActiveCfg = Release|Any CPU
		{2782C874-EC83-48F0-85D8-A929C1CF37BE}.Release|iPhoneSimulator.Build.0 = Release|Any CPU
		{2782C874-EC83-48F0-85D8-A929C1CF37BE}.Release|iPhoneSimulator.Deploy.0 = Release|Any CPU
		{680196EB-E809-4BD7-B506-E718E96295BF}.Debug|Any CPU.ActiveCfg = Debug|iPhoneSimulator
		{680196EB-E809-4BD7-B506-E718E96295BF}.Debug|Any CPU.Build.0 = Debug|iPhoneSimulator
		{680196EB-E809-4BD7-B506-E718E96295BF}.Debug|Any CPU.Deploy.0 = Debug|iPhoneSimulator
		{680196EB-E809-4BD7-B506-E718E96295BF}.Debug|iPhone.ActiveCfg = Debug|iPhone
		{680196EB-E809-4BD7-B506-E718E96295BF}.Debug|iPhone.Build.0 = Debug|iPhone
		{680196EB-E809-4BD7-B506-E718E96295BF}.Debug|iPhone.Deploy.0 = Debug|iPhone
		{680196EB-E809-4BD7-B506-E718E96295BF}.Debug|iPhoneSimulator.ActiveCfg = Debug|iPhoneSimulator
		{680196EB-E809-4BD7-B506-E718E96295BF}.Debug|iPhoneSimulator.Build.0 = Debug|iPhoneSimulator
		{680196EB-E809-4BD7-B506-E718E96295BF}.Debug|iPhoneSimulator.Deploy.0 = Debug|iPhoneSimulator
		{680196EB-E809-4BD7-B506-E718E96295BF}.Release|Any CPU.ActiveCfg = Release|iPhone
		{680196EB-E809-4BD7-B506-E718E96295BF}.Release|Any CPU.Build.0 = Release|iPhone
		{680196EB-E809-4BD7-B506-E718E96295BF}.Release|Any CPU.Deploy.0 = Release|iPhone
		{680196EB-E809-4BD7-B506-E718E96295BF}.Release|iPhone.ActiveCfg = Release|iPhone
		{680196EB-E809-4BD7-B506-E718E96295BF}.Release|iPhone.Build.0 = Release|iPhone
		{680196EB-E809-4BD7-B506-E718E96295BF}.Release|iPhone.Deploy.0 = Release|iPhone
		{680196EB-E809-4BD7-B506-E718E96295BF}.Release|iPhoneSimulator.ActiveCfg = Release|iPhoneSimulator
		{680196EB-E809-4BD7-B506-E718E96295BF}.Release|iPhoneSimulator.Build.0 = Release|iPhoneSimulator
		{680196EB-E809-4BD7-B506-E718E96295BF}.Release|iPhoneSimulator.Deploy.0 = Release|iPhoneSimulator
		{D66056C9-BDB6-47F5-A4D2-9A954F1256D7}.Debug|Any CPU.ActiveCfg = Debug|Any CPU
		{D66056C9-BDB6-47F5-A4D2-9A954F1256D7}.Debug|Any CPU.Build.0 = Debug|Any CPU
		{D66056C9-BDB6-47F5-A4D2-9A954F1256D7}.Debug|Any CPU.Deploy.0 = Debug|Any CPU
		{D66056C9-BDB6-47F5-A4D2-9A954F1256D7}.Debug|iPhone.ActiveCfg = Debug|Any CPU
		{D66056C9-BDB6-47F5-A4D2-9A954F1256D7}.Debug|iPhone.Build.0 = Debug|Any CPU
		{D66056C9-BDB6-47F5-A4D2-9A954F1256D7}.Debug|iPhone.Deploy.0 = Debug|Any CPU
		{D66056C9-BDB6-47F5-A4D2-9A954F1256D7}.Debug|iPhoneSimulator.ActiveCfg = Debug|Any CPU
		{D66056C9-BDB6-47F5-A4D2-9A954F1256D7}.Debug|iPhoneSimulator.Build.0 = Debug|Any CPU
		{D66056C9-BDB6-47F5-A4D2-9A954F1256D7}.Debug|iPhoneSimulator.Deploy.0 = Debug|Any CPU
		{D66056C9-BDB6-47F5-A4D2-9A954F1256D7}.Release|Any CPU.ActiveCfg = Release|Any CPU
		{D66056C9-BDB6-47F5-A4D2-9A954F1256D7}.Release|Any CPU.Build.0 = Release|Any CPU
		{D66056C9-BDB6-47F5-A4D2-9A954F1256D7}.Release|Any CPU.Deploy.0 = Release|Any CPU
		{D66056C9-BDB6-47F5-A4D2-9A954F1256D7}.Release|iPhone.ActiveCfg = Release|Any CPU
		{D66056C9-BDB6-47F5-A4D2-9A954F1256D7}.Release|iPhone.Build.0 = Release|Any CPU
		{D66056C9-BDB6-47F5-A4D2-9A954F1256D7}.Release|iPhone.Deploy.0 = Release|Any CPU
		{D66056C9-BDB6-47F5-A4D2-9A954F1256D7}.Release|iPhoneSimulator.ActiveCfg = Release|Any CPU
		{D66056C9-BDB6-47F5-A4D2-9A954F1256D7}.Release|iPhoneSimulator.Build.0 = Release|Any CPU
		{D66056C9-BDB6-47F5-A4D2-9A954F1256D7}.Release|iPhoneSimulator.Deploy.0 = Release|Any CPU
	EndGlobalSection
	GlobalSection(SolutionProperties) = preSolution
		HideSolutionNode = FALSE
	EndGlobalSection
	GlobalSection(ExtensibilityGlobals) = postSolution
		SolutionGuid = {87831EDF-69DC-44A3-B597-427D4AA96045}
	EndGlobalSection
EndGlobal
